
Microsoft Visual Studio Solution File, Format Version 12.00
# Visual Studio 15
VisualStudioVersion = 15.0.28010.2050
MinimumVisualStudioVersion = 10.0.40219.1
Project("{FAE04EC0-301F-11D3-BF4B-00C04F79EFBC}") = "NIRS", "NIRS\NIRS.csproj", "{B1871AFF-728E-42A0-85AD-719B40282D77}"
EndProject
Global
	GlobalSection(SolutionConfigurationPlatforms) = preSolution
		Debug|Any CPU = Debug|Any CPU
		Release|Any CPU = Release|Any CPU
	EndGlobalSection
	GlobalSection(ProjectConfigurationPlatforms) = postSolution
		{B1871AFF-728E-42A0-85AD-719B40282D77}.Debug|Any CPU.ActiveCfg = Debug|Any CPU
		{B1871AFF-728E-42A0-85AD-719B40282D77}.Debug|Any CPU.Build.0 = Debug|Any CPU
		{B1871AFF-728E-42A0-85AD-719B40282D77}.Release|Any CPU.ActiveCfg = Release|Any CPU
		{B1871AFF-728E-42A0-85AD-719B40282D77}.Release|Any CPU.Build.0 = Release|Any CPU
	EndGlobalSection
	GlobalSection(SolutionProperties) = preSolution
		HideSolutionNode = FALSE
	EndGlobalSection
	GlobalSection(ExtensibilityGlobals) = postSolution
		SolutionGuid = {64029FCD-D8F8-49CF-B78A-128B7E39250D}
	EndGlobalSection
EndGlobal
